
Microsoft Visual Studio Solution File, Format Version 12.00
# Visual Studio 15
VisualStudioVersion = 15.0.28307.572
MinimumVisualStudioVersion = 10.0.40219.1
Project("{FAE04EC0-301F-11D3-BF4B-00C04F79EFBC}") = "MonGo", "MonGo\MonGo.csproj", "{B79BF5F1-69EC-4AF9-B6BD-28A17B2F5CED}"
EndProject
Global
	GlobalSection(SolutionConfigurationPlatforms) = preSolution
		Debug|Any CPU = Debug|Any CPU
		Release|Any CPU = Release|Any CPU
	EndGlobalSection
	GlobalSection(ProjectConfigurationPlatforms) = postSolution
		{B79BF5F1-69EC-4AF9-B6BD-28A17B2F5CED}.Debug|Any CPU.ActiveCfg = Debug|Any CPU
		{B79BF5F1-69EC-4AF9-B6BD-28A17B2F5CED}.Debug|Any CPU.Build.0 = Debug|Any CPU
		{B79BF5F1-69EC-4AF9-B6BD-28A17B2F5CED}.Release|Any CPU.ActiveCfg = Release|Any CPU
		{B79BF5F1-69EC-4AF9-B6BD-28A17B2F5CED}.Release|Any CPU.Build.0 = Release|Any CPU
	EndGlobalSection
	GlobalSection(SolutionProperties) = preSolution
		HideSolutionNode = FALSE
	EndGlobalSection
	GlobalSection(ExtensibilityGlobals) = postSolution
		SolutionGuid = {6E9D887C-2BAE-4E2F-B16A-B6DFF5A3DBAB}
	EndGlobalSection
EndGlobal
